// !$*UTF8*$!
{
	archiveVersion = 1;
	classes = {
	};
	objectVersion = 56;
	objects = {

/* Begin PBXBuildFile section */
		AA000001000000000000001B /* AuraFitnessApp.swift in Sources */ = {isa = PBXBuildFile; fileRef = AB000001000000000000001B /* AuraFitnessApp.swift */; };
		D8A00B123B1A43B8971B64F8 /* AuthConfig.swift in Sources */ = {isa = PBXBuildFile; fileRef = F78DA246F23D4CD0AD741E1E /* AuthConfig.swift */; };
		EEE687EEC65948289B3FE94A /* AuthService.swift in Sources */ = {isa = PBXBuildFile; fileRef = EB96C74100F945C2A73DD75E /* AuthService.swift */; };
		F4B7795274B943A5B9B62526 /* AuthGateView.swift in Sources */ = {isa = PBXBuildFile; fileRef = 767A044673D746789E72D381 /* AuthGateView.swift */; };
		1C44CF6B34AC4873A99272F1 /* SupabaseSyncService.swift in Sources */ = {isa = PBXBuildFile; fileRef = 1769544EF2E3416F82E81B02 /* SupabaseSyncService.swift */; };
		4656E2A977A641238D1AB9C0 /* Syncable.swift in Sources */ = {isa = PBXBuildFile; fileRef = 803A4A0AEB6F4A24B9B0F3EF /* Syncable.swift */; };
		8D33A0F1C2094AB78B2B8659 /* DataArchive.swift in Sources */ = {isa = PBXBuildFile; fileRef = 3D8FE47712C54B54A93D5F78 /* DataArchive.swift */; };
		3C776F2B48C74E23A00FABDA /* DataResetService.swift in Sources */ = {isa = PBXBuildFile; fileRef = 5AEA826CEB9E4915BB1984C0 /* DataResetService.swift */; };
		AA59FEAF6AB35E46E6A39847 /* HealthKitService.swift in Sources */ = {isa = PBXBuildFile; fileRef = AB16797C38CBD24BBD9E0E01 /* HealthKitService.swift */; };
		CDFC6024797645AEA88AE07C /* Supabase in Frameworks */ = {isa = PBXBuildFile; productRef = 864C1DE126BD4F349BBC6DA2 /* Supabase */; };
		AA000002000000000000002B /* ContentView.swift in Sources */ = {isa = PBXBuildFile; fileRef = AB000002000000000000002B /* ContentView.swift */; };
		AAA55E70000000000000001B /* Assets.xcassets in Resources */ = {isa = PBXBuildFile; fileRef = ABA55E70000000000000001B /* Assets.xcassets */; };
		AAF0700100000000000000F1 /* PlusJakartaSans-Regular.ttf in Resources */ = {isa = PBXBuildFile; fileRef = ABF0700100000000000000F1 /* PlusJakartaSans-Regular.ttf */; };
		AAF0700200000000000000F1 /* PlusJakartaSans-Medium.ttf in Resources */ = {isa = PBXBuildFile; fileRef = ABF0700200000000000000F1 /* PlusJakartaSans-Medium.ttf */; };
		AAF0700300000000000000F1 /* PlusJakartaSans-SemiBold.ttf in Resources */ = {isa = PBXBuildFile; fileRef = ABF0700300000000000000F1 /* PlusJakartaSans-SemiBold.ttf */; };
		AAF0700400000000000000F1 /* PlusJakartaSans-Bold.ttf in Resources */ = {isa = PBXBuildFile; fileRef = ABF0700400000000000000F1 /* PlusJakartaSans-Bold.ttf */; };
		AAF0700500000000000000F1 /* PlusJakartaSans-ExtraBold.ttf in Resources */ = {isa = PBXBuildFile; fileRef = ABF0700500000000000000F1 /* PlusJakartaSans-ExtraBold.ttf */; };
		AA000003000000000000003B /* AuraColors.swift in Sources */ = {isa = PBXBuildFile; fileRef = AB000003000000000000003B /* AuraColors.swift */; };
		AA000004000000000000004B /* AuraTypography.swift in Sources */ = {isa = PBXBuildFile; fileRef = AB000004000000000000004B /* AuraTypography.swift */; };
		AA000005000000000000005B /* AuraSpacing.swift in Sources */ = {isa = PBXBuildFile; fileRef = AB000005000000000000005B /* AuraSpacing.swift */; };
		AA000006000000000000006B /* AuraComponents.swift in Sources */ = {isa = PBXBuildFile; fileRef = AB000006000000000000006B /* AuraComponents.swift */; };
		AAEE0001000000000000001B /* AuraTabBar.swift in Sources */ = {isa = PBXBuildFile; fileRef = ABEE0001000000000000001B /* AuraTabBar.swift */; };
		AAEE0002000000000000002B /* AuraScreenScroll.swift in Sources */ = {isa = PBXBuildFile; fileRef = ABEE0002000000000000002B /* AuraScreenScroll.swift */; };
		AAEE0003000000000000003B /* ResumeBanner.swift in Sources */ = {isa = PBXBuildFile; fileRef = ABEE0003000000000000003B /* ResumeBanner.swift */; };
		AA000007000000000000007B /* AppState.swift in Sources */ = {isa = PBXBuildFile; fileRef = AB000007000000000000007B /* AppState.swift */; };
		AA000008000000000000008B /* WorkoutModels.swift in Sources */ = {isa = PBXBuildFile; fileRef = AB000008000000000000008B /* WorkoutModels.swift */; };
		AA000009000000000000009B /* SeedData.swift in Sources */ = {isa = PBXBuildFile; fileRef = AB000009000000000000009B /* SeedData.swift */; };
		AA00000A0000000000000010 /* ProgressModels.swift in Sources */ = {isa = PBXBuildFile; fileRef = AB00000A0000000000000010 /* ProgressModels.swift */; };
		AAF182697FEFC84D54BF50A0 /* LogDayModel.swift in Sources */ = {isa = PBXBuildFile; fileRef = ABF182697FEFC84D54BF50A0 /* LogDayModel.swift */; };
		AAC1D4E5F60718293A4B5C01 /* ProgramDatabase.swift in Sources */ = {isa = PBXBuildFile; fileRef = ABC1D4E5F60718293A4B5C01 /* ProgramDatabase.swift */; };
		AAC1D4E5F60718293A4B5C02 /* ExerciseDatabase.swift in Sources */ = {isa = PBXBuildFile; fileRef = ABC1D4E5F60718293A4B5C02 /* ExerciseDatabase.swift */; };
		AAC1D4E5F60718293A4B5C03 /* UnitFormatter.swift in Sources */ = {isa = PBXBuildFile; fileRef = ABC1D4E5F60718293A4B5C03 /* UnitFormatter.swift */; };
		AAC1D4E5F60718293A4B5C04 /* WeeklyVolumeView.swift in Sources */ = {isa = PBXBuildFile; fileRef = ABC1D4E5F60718293A4B5C04 /* WeeklyVolumeView.swift */; };
		AA00000B0000000000000011 /* LogTabView.swift in Sources */ = {isa = PBXBuildFile; fileRef = AB00000B0000000000000011 /* LogTabView.swift */; };
		AAEE0004000000000000004B /* LogSheetsView.swift in Sources */ = {isa = PBXBuildFile; fileRef = ABEE0004000000000000004B /* LogSheetsView.swift */; };
		AA000014000000000000002C /* ActiveWorkoutView.swift in Sources */ = {isa = PBXBuildFile; fileRef = AB000014000000000000002C /* ActiveWorkoutView.swift */; };
		AAEE0005000000000000005B /* ActiveWorkoutData.swift in Sources */ = {isa = PBXBuildFile; fileRef = ABEE0005000000000000005B /* ActiveWorkoutData.swift */; };
		AAEE0006000000000000006B /* EmptyOverviewView.swift in Sources */ = {isa = PBXBuildFile; fileRef = ABEE0006000000000000006B /* EmptyOverviewView.swift */; };
		AAEE0007000000000000007B /* WorkoutModalsView.swift in Sources */ = {isa = PBXBuildFile; fileRef = ABEE0007000000000000007B /* WorkoutModalsView.swift */; };
		AA000015000000000000002D /* WorkoutOverviewView.swift in Sources */ = {isa = PBXBuildFile; fileRef = AB000015000000000000002D /* WorkoutOverviewView.swift */; };
		AA000016000000000000002E /* ExerciseLoggingView.swift in Sources */ = {isa = PBXBuildFile; fileRef = AB000016000000000000002E /* ExerciseLoggingView.swift */; };
		AA000017000000000000002F /* SupersetView.swift in Sources */ = {isa = PBXBuildFile; fileRef = AB000017000000000000002F /* SupersetView.swift */; };
		AA000018000000000000003C /* WorkoutSummaryView.swift in Sources */ = {isa = PBXBuildFile; fileRef = AB000018000000000000003C /* WorkoutSummaryView.swift */; };
		AA000019000000000000003D /* RestPillView.swift in Sources */ = {isa = PBXBuildFile; fileRef = AB000019000000000000003D /* RestPillView.swift */; };
		AA00001A000000000000003E /* CelebrationOverlay.swift in Sources */ = {isa = PBXBuildFile; fileRef = AB00001A000000000000003E /* CelebrationOverlay.swift */; };
		AAEE00A0000000000000A001 /* ActiveWorkoutSeed.swift in Sources */ = {isa = PBXBuildFile; fileRef = ABEE00A0000000000000A001 /* ActiveWorkoutSeed.swift */; };
		AAEE00A1000000000000A002 /* WorkoutPersistence.swift in Sources */ = {isa = PBXBuildFile; fileRef = ABEE00A1000000000000A002 /* WorkoutPersistence.swift */; };
		AA00001B000000000000003F /* SetRowView.swift in Sources */ = {isa = PBXBuildFile; fileRef = AB00001B000000000000003F /* SetRowView.swift */; };
		AA00001C000000000000004C /* WorkoutSessionState.swift in Sources */ = {isa = PBXBuildFile; fileRef = AB00001C000000000000004C /* WorkoutSessionState.swift */; };
		AA65380299159B488098A530 /* NotificationScheduler.swift in Sources */ = {isa = PBXBuildFile; fileRef = AB65380299159B488098A530 /* NotificationScheduler.swift */; };
		AA00001D000000000000004D /* PlanTabView.swift in Sources */ = {isa = PBXBuildFile; fileRef = AB00001D000000000000004D /* PlanTabView.swift */; };
		8E4213DC4F2D4AA38BD07E93 /* PlanModels.swift in Sources */ = {isa = PBXBuildFile; fileRef = DA874FECA3454BDE996478E8 /* PlanModels.swift */; };
		00F9A57BA3BE4F249AFAC7CC /* PlanExerciseDetailData.swift in Sources */ = {isa = PBXBuildFile; fileRef = 7A5A3265AEA24FD599D3EBA0 /* PlanExerciseDetailData.swift */; };
		4A36DFD0F37D4722823C3938 /* PlanComponents.swift in Sources */ = {isa = PBXBuildFile; fileRef = ECF711C33D7641439F2CD2BD /* PlanComponents.swift */; };
		3C1FD94A48ED4BB9AE32068B /* PlanSubtabViews.swift in Sources */ = {isa = PBXBuildFile; fileRef = 1201BDAFC4C04FE1967A9969 /* PlanSubtabViews.swift */; };
		66ABE8B35A6D4E2F8A38ABDE /* PlanSheets.swift in Sources */ = {isa = PBXBuildFile; fileRef = 79968BBFFAB24C84B5AEA56F /* PlanSheets.swift */; };
		07EDD830DA2343E3AB2FA011 /* PlanExercisePickerView.swift in Sources */ = {isa = PBXBuildFile; fileRef = 61AE6FC2AC904F8D963632AC /* PlanExercisePickerView.swift */; };
		13AE805DFC634FA48D3591AF /* PlanProgramViews.swift in Sources */ = {isa = PBXBuildFile; fileRef = F2F7122502C44780AC8C6713 /* PlanProgramViews.swift */; };
		E5D31AB2AD9D49C3A6CA5C6C /* PlanWorkoutEditorView.swift in Sources */ = {isa = PBXBuildFile; fileRef = 2865FC79E9954BE1A25B3411 /* PlanWorkoutEditorView.swift */; };
		FF9914404E7E49F68C857B0D /* PlanExerciseDetailView.swift in Sources */ = {isa = PBXBuildFile; fileRef = 9641805392374D16AAA3209E /* PlanExerciseDetailView.swift */; };
		D1E6081F805C44EA80D37561 /* PlanBodyMap.swift in Sources */ = {isa = PBXBuildFile; fileRef = FF6B6FD2015947908E6EE16B /* PlanBodyMap.swift */; };
		CB01000000000000000A0001 /* MyPlansView.swift in Sources */ = {isa = PBXBuildFile; fileRef = CA01000000000000000A0001 /* MyPlansView.swift */; };
		CB01000000000000000A0002 /* ProgramLibraryView.swift in Sources */ = {isa = PBXBuildFile; fileRef = CA01000000000000000A0002 /* ProgramLibraryView.swift */; };
		CB01000000000000000A0003 /* ProgramDetailView.swift in Sources */ = {isa = PBXBuildFile; fileRef = CA01000000000000000A0003 /* ProgramDetailView.swift */; };
		CB01000000000000000A0004 /* ProgramEditorView.swift in Sources */ = {isa = PBXBuildFile; fileRef = CA01000000000000000A0004 /* ProgramEditorView.swift */; };
		CB01000000000000000A0010 /* WeekStrip.swift in Sources */ = {isa = PBXBuildFile; fileRef = CA01000000000000000A0010 /* WeekStrip.swift */; };
		CB01000000000000000A0005 /* WorkoutLibraryView.swift in Sources */ = {isa = PBXBuildFile; fileRef = CA01000000000000000A0005 /* WorkoutLibraryView.swift */; };
		CB01000000000000000A0006 /* WorkoutEditorView.swift in Sources */ = {isa = PBXBuildFile; fileRef = CA01000000000000000A0006 /* WorkoutEditorView.swift */; };
		CB01000000000000000A0007 /* ExerciseLibraryView.swift in Sources */ = {isa = PBXBuildFile; fileRef = CA01000000000000000A0007 /* ExerciseLibraryView.swift */; };
		CB01000000000000000A0008 /* ExerciseDetailView.swift in Sources */ = {isa = PBXBuildFile; fileRef = CA01000000000000000A0008 /* ExerciseDetailView.swift */; };
		CB01000000000000000A0009 /* CreateExerciseView.swift in Sources */ = {isa = PBXBuildFile; fileRef = CA01000000000000000A0009 /* CreateExerciseView.swift */; };
		CB01000000000000000A0010 /* SaveEditScopeSheet.swift in Sources */ = {isa = PBXBuildFile; fileRef = CA01000000000000000A0010 /* SaveEditScopeSheet.swift */; };
		CB01000000000000000A0011 /* WorkoutEditorComponents.swift in Sources */ = {isa = PBXBuildFile; fileRef = CA01000000000000000A0011 /* WorkoutEditorComponents.swift */; };
		CB01000000000000000A0012 /* EditorExercisePicker.swift in Sources */ = {isa = PBXBuildFile; fileRef = CA01000000000000000A0012 /* EditorExercisePicker.swift */; };
		CB01000000000000000A0013 /* SupersetPickSheet.swift in Sources */ = {isa = PBXBuildFile; fileRef = CA01000000000000000A0013 /* SupersetPickSheet.swift */; };
		CB01000000000000000A0014 /* ExerciseHistoryTab.swift in Sources */ = {isa = PBXBuildFile; fileRef = CA01000000000000000A0014 /* ExerciseHistoryTab.swift */; };
		AA000027000000000000006F /* ProgressTabView.swift in Sources */ = {isa = PBXBuildFile; fileRef = AB000027000000000000006F /* ProgressTabView.swift */; };
		AA000028000000000000007C /* StatsView.swift in Sources */ = {isa = PBXBuildFile; fileRef = AB000028000000000000007C /* StatsView.swift */; };
		AA000029000000000000007D /* ConsistencyHeatmapView.swift in Sources */ = {isa = PBXBuildFile; fileRef = AB000029000000000000007D /* ConsistencyHeatmapView.swift */; };
		AA00002A000000000000007E /* PersonalRecordsView.swift in Sources */ = {isa = PBXBuildFile; fileRef = AB00002A000000000000007E /* PersonalRecordsView.swift */; };
		AA00002B000000000000007F /* BodyView.swift in Sources */ = {isa = PBXBuildFile; fileRef = AB00002B000000000000007F /* BodyView.swift */; };
		AA00002C000000000000008C /* MeasurementsView.swift in Sources */ = {isa = PBXBuildFile; fileRef = AB00002C000000000000008C /* MeasurementsView.swift */; };
		AA00002D000000000000008D /* LogMeasurementSheet.swift in Sources */ = {isa = PBXBuildFile; fileRef = AB00002D000000000000008D /* LogMeasurementSheet.swift */; };
		AA00002E000000000000008E /* ProgressPhotosView.swift in Sources */ = {isa = PBXBuildFile; fileRef = AB00002E000000000000008E /* ProgressPhotosView.swift */; };
		AA00002F000000000000008F /* NutritionView.swift in Sources */ = {isa = PBXBuildFile; fileRef = AB00002F000000000000008F /* NutritionView.swift */; };
		AA000030000000000000009C /* ProfileTabView.swift in Sources */ = {isa = PBXBuildFile; fileRef = AB000030000000000000009C /* ProfileTabView.swift */; };
		AA000031000000000000009D /* WorkoutSettingsView.swift in Sources */ = {isa = PBXBuildFile; fileRef = AB000031000000000000009D /* WorkoutSettingsView.swift */; };
		AA000032000000000000009E /* AccountDetailsView.swift in Sources */ = {isa = PBXBuildFile; fileRef = AB000032000000000000009E /* AccountDetailsView.swift */; };
		AA000033000000000000009F /* ProfileSettingsScreens.swift in Sources */ = {isa = PBXBuildFile; fileRef = AB000033000000000000009F /* ProfileSettingsScreens.swift */; };
		AAC1D4E5F60718293A4B5C05 /* CSVArchive.swift in Sources */ = {isa = PBXBuildFile; fileRef = ABC1D4E5F60718293A4B5C05 /* CSVArchive.swift */; };
		AAC1D4E5F60718293A4B5C06 /* CSVParser.swift in Sources */ = {isa = PBXBuildFile; fileRef = ABC1D4E5F60718293A4B5C06 /* CSVParser.swift */; };
		AAC1D4E5F60718293A4B5C07 /* DataImportService.swift in Sources */ = {isa = PBXBuildFile; fileRef = ABC1D4E5F60718293A4B5C07 /* DataImportService.swift */; };
/* End PBXBuildFile section */

/* Begin PBXFileReference section */
		AB000001000000000000001B /* AuraFitnessApp.swift */ = {isa = PBXFileReference; lastKnownFileType = sourcecode.swift; path = AuraFitnessApp.swift; sourceTree = "<group>"; };
		F78DA246F23D4CD0AD741E1E /* AuthConfig.swift */ = {isa = PBXFileReference; lastKnownFileType = sourcecode.swift; path = AuthConfig.swift; sourceTree = "<group>"; };
		EB96C74100F945C2A73DD75E /* AuthService.swift */ = {isa = PBXFileReference; lastKnownFileType = sourcecode.swift; path = AuthService.swift; sourceTree = "<group>"; };
		767A044673D746789E72D381 /* AuthGateView.swift */ = {isa = PBXFileReference; lastKnownFileType = sourcecode.swift; path = AuthGateView.swift; sourceTree = "<group>"; };
		1769544EF2E3416F82E81B02 /* SupabaseSyncService.swift */ = {isa = PBXFileReference; lastKnownFileType = sourcecode.swift; path = SupabaseSyncService.swift; sourceTree = "<group>"; };
		803A4A0AEB6F4A24B9B0F3EF /* Syncable.swift */ = {isa = PBXFileReference; lastKnownFileType = sourcecode.swift; path = Syncable.swift; sourceTree = "<group>"; };
		3D8FE47712C54B54A93D5F78 /* DataArchive.swift */ = {isa = PBXFileReference; lastKnownFileType = sourcecode.swift; path = DataArchive.swift; sourceTree = "<group>"; };
		5AEA826CEB9E4915BB1984C0 /* DataResetService.swift */ = {isa = PBXFileReference; lastKnownFileType = sourcecode.swift; path = DataResetService.swift; sourceTree = "<group>"; };
		AB16797C38CBD24BBD9E0E01 /* HealthKitService.swift */ = {isa = PBXFileReference; lastKnownFileType = sourcecode.swift; path = HealthKitService.swift; sourceTree = "<group>"; };
		ABD7B37CF9C0AE4B69B23611 /* AuraFitness.entitlements */ = {isa = PBXFileReference; lastKnownFileType = text.plist.entitlements; path = AuraFitness.entitlements; sourceTree = "<group>"; };
		BF07BF8539F741408786E738 /* Secrets.xcconfig.template */ = {isa = PBXFileReference; lastKnownFileType = text.xcconfig; path = Secrets.xcconfig.template; sourceTree = "<group>"; };
		AB000002000000000000002B /* ContentView.swift */ = {isa = PBXFileReference; lastKnownFileType = sourcecode.swift; path = ContentView.swift; sourceTree = "<group>"; };
		ABA55E70000000000000001B /* Assets.xcassets */ = {isa = PBXFileReference; lastKnownFileType = folder.assetcatalog; path = Assets.xcassets; sourceTree = "<group>"; };
		ABF0700100000000000000F1 /* PlusJakartaSans-Regular.ttf */ = {isa = PBXFileReference; lastKnownFileType = file; path = "PlusJakartaSans-Regular.ttf"; sourceTree = "<group>"; };
		ABF0700200000000000000F1 /* PlusJakartaSans-Medium.ttf */ = {isa = PBXFileReference; lastKnownFileType = file; path = "PlusJakartaSans-Medium.ttf"; sourceTree = "<group>"; };
		ABF0700300000000000000F1 /* PlusJakartaSans-SemiBold.ttf */ = {isa = PBXFileReference; lastKnownFileType = file; path = "PlusJakartaSans-SemiBold.ttf"; sourceTree = "<group>"; };
		ABF0700400000000000000F1 /* PlusJakartaSans-Bold.ttf */ = {isa = PBXFileReference; lastKnownFileType = file; path = "PlusJakartaSans-Bold.ttf"; sourceTree = "<group>"; };
		ABF0700500000000000000F1 /* PlusJakartaSans-ExtraBold.ttf */ = {isa = PBXFileReference; lastKnownFileType = file; path = "PlusJakartaSans-ExtraBold.ttf"; sourceTree = "<group>"; };
		AB000003000000000000003B /* AuraColors.swift */ = {isa = PBXFileReference; lastKnownFileType = sourcecode.swift; path = AuraColors.swift; sourceTree = "<group>"; };
		AB000004000000000000004B /* AuraTypography.swift */ = {isa = PBXFileReference; lastKnownFileType = sourcecode.swift; path = AuraTypography.swift; sourceTree = "<group>"; };
		AB000005000000000000005B /* AuraSpacing.swift */ = {isa = PBXFileReference; lastKnownFileType = sourcecode.swift; path = AuraSpacing.swift; sourceTree = "<group>"; };
		AB000006000000000000006B /* AuraComponents.swift */ = {isa = PBXFileReference; lastKnownFileType = sourcecode.swift; path = AuraComponents.swift; sourceTree = "<group>"; };
		ABEE0001000000000000001B /* AuraTabBar.swift */ = {isa = PBXFileReference; lastKnownFileType = sourcecode.swift; path = AuraTabBar.swift; sourceTree = "<group>"; };
		ABEE0002000000000000002B /* AuraScreenScroll.swift */ = {isa = PBXFileReference; lastKnownFileType = sourcecode.swift; path = AuraScreenScroll.swift; sourceTree = "<group>"; };
		ABEE0003000000000000003B /* ResumeBanner.swift */ = {isa = PBXFileReference; lastKnownFileType = sourcecode.swift; path = ResumeBanner.swift; sourceTree = "<group>"; };
		AB000007000000000000007B /* AppState.swift */ = {isa = PBXFileReference; lastKnownFileType = sourcecode.swift; path = AppState.swift; sourceTree = "<group>"; };
		AB000008000000000000008B /* WorkoutModels.swift */ = {isa = PBXFileReference; lastKnownFileType = sourcecode.swift; path = WorkoutModels.swift; sourceTree = "<group>"; };
		AB000009000000000000009B /* SeedData.swift */ = {isa = PBXFileReference; lastKnownFileType = sourcecode.swift; path = SeedData.swift; sourceTree = "<group>"; };
		AB00000A0000000000000010 /* ProgressModels.swift */ = {isa = PBXFileReference; lastKnownFileType = sourcecode.swift; path = ProgressModels.swift; sourceTree = "<group>"; };
		ABF182697FEFC84D54BF50A0 /* LogDayModel.swift */ = {isa = PBXFileReference; lastKnownFileType = sourcecode.swift; path = LogDayModel.swift; sourceTree = "<group>"; };
		ABC1D4E5F60718293A4B5C01 /* ProgramDatabase.swift */ = {isa = PBXFileReference; lastKnownFileType = sourcecode.swift; path = ProgramDatabase.swift; sourceTree = "<group>"; };
		ABC1D4E5F60718293A4B5C02 /* ExerciseDatabase.swift */ = {isa = PBXFileReference; lastKnownFileType = sourcecode.swift; path = ExerciseDatabase.swift; sourceTree = "<group>"; };
		ABC1D4E5F60718293A4B5C03 /* UnitFormatter.swift */ = {isa = PBXFileReference; lastKnownFileType = sourcecode.swift; path = UnitFormatter.swift; sourceTree = "<group>"; };
		ABC1D4E5F60718293A4B5C04 /* WeeklyVolumeView.swift */ = {isa = PBXFileReference; lastKnownFileType = sourcecode.swift; path = WeeklyVolumeView.swift; sourceTree = "<group>"; };
		AB00000B0000000000000011 /* LogTabView.swift */ = {isa = PBXFileReference; lastKnownFileType = sourcecode.swift; path = LogTabView.swift; sourceTree = "<group>"; };
		ABEE0004000000000000004B /* LogSheetsView.swift */ = {isa = PBXFileReference; lastKnownFileType = sourcecode.swift; path = LogSheetsView.swift; sourceTree = "<group>"; };
		AB000014000000000000002C /* ActiveWorkoutView.swift */ = {isa = PBXFileReference; lastKnownFileType = sourcecode.swift; path = ActiveWorkoutView.swift; sourceTree = "<group>"; };
		ABEE0005000000000000005B /* ActiveWorkoutData.swift */ = {isa = PBXFileReference; lastKnownFileType = sourcecode.swift; path = ActiveWorkoutData.swift; sourceTree = "<group>"; };
		ABEE0006000000000000006B /* EmptyOverviewView.swift */ = {isa = PBXFileReference; lastKnownFileType = sourcecode.swift; path = EmptyOverviewView.swift; sourceTree = "<group>"; };
		ABEE0007000000000000007B /* WorkoutModalsView.swift */ = {isa = PBXFileReference; lastKnownFileType = sourcecode.swift; path = WorkoutModalsView.swift; sourceTree = "<group>"; };
		AB000015000000000000002D /* WorkoutOverviewView.swift */ = {isa = PBXFileReference; lastKnownFileType = sourcecode.swift; path = WorkoutOverviewView.swift; sourceTree = "<group>"; };
		AB000016000000000000002E /* ExerciseLoggingView.swift */ = {isa = PBXFileReference; lastKnownFileType = sourcecode.swift; path = ExerciseLoggingView.swift; sourceTree = "<group>"; };
		AB000017000000000000002F /* SupersetView.swift */ = {isa = PBXFileReference; lastKnownFileType = sourcecode.swift; path = SupersetView.swift; sourceTree = "<group>"; };
		AB000018000000000000003C /* WorkoutSummaryView.swift */ = {isa = PBXFileReference; lastKnownFileType = sourcecode.swift; path = WorkoutSummaryView.swift; sourceTree = "<group>"; };
		AB000019000000000000003D /* RestPillView.swift */ = {isa = PBXFileReference; lastKnownFileType = sourcecode.swift; path = RestPillView.swift; sourceTree = "<group>"; };
		AB00001A000000000000003E /* CelebrationOverlay.swift */ = {isa = PBXFileReference; lastKnownFileType = sourcecode.swift; path = CelebrationOverlay.swift; sourceTree = "<group>"; };
		ABEE00A0000000000000A001 /* ActiveWorkoutSeed.swift */ = {isa = PBXFileReference; lastKnownFileType = sourcecode.swift; path = ActiveWorkoutSeed.swift; sourceTree = "<group>"; };
		ABEE00A1000000000000A002 /* WorkoutPersistence.swift */ = {isa = PBXFileReference; lastKnownFileType = sourcecode.swift; path = WorkoutPersistence.swift; sourceTree = "<group>"; };
		AB00001B000000000000003F /* SetRowView.swift */ = {isa = PBXFileReference; lastKnownFileType = sourcecode.swift; path = SetRowView.swift; sourceTree = "<group>"; };
		AB00001C000000000000004C /* WorkoutSessionState.swift */ = {isa = PBXFileReference; lastKnownFileType = sourcecode.swift; path = WorkoutSessionState.swift; sourceTree = "<group>"; };
		AB65380299159B488098A530 /* NotificationScheduler.swift */ = {isa = PBXFileReference; lastKnownFileType = sourcecode.swift; path = NotificationScheduler.swift; sourceTree = "<group>"; };
		AB00001D000000000000004D /* PlanTabView.swift */ = {isa = PBXFileReference; lastKnownFileType = sourcecode.swift; path = PlanTabView.swift; sourceTree = "<group>"; };
		DA874FECA3454BDE996478E8 /* PlanModels.swift */ = {isa = PBXFileReference; lastKnownFileType = sourcecode.swift; path = PlanModels.swift; sourceTree = "<group>"; };
		7A5A3265AEA24FD599D3EBA0 /* PlanExerciseDetailData.swift */ = {isa = PBXFileReference; lastKnownFileType = sourcecode.swift; path = PlanExerciseDetailData.swift; sourceTree = "<group>"; };
		ECF711C33D7641439F2CD2BD /* PlanComponents.swift */ = {isa = PBXFileReference; lastKnownFileType = sourcecode.swift; path = PlanComponents.swift; sourceTree = "<group>"; };
		1201BDAFC4C04FE1967A9969 /* PlanSubtabViews.swift */ = {isa = PBXFileReference; lastKnownFileType = sourcecode.swift; path = PlanSubtabViews.swift; sourceTree = "<group>"; };
		79968BBFFAB24C84B5AEA56F /* PlanSheets.swift */ = {isa = PBXFileReference; lastKnownFileType = sourcecode.swift; path = PlanSheets.swift; sourceTree = "<group>"; };
		61AE6FC2AC904F8D963632AC /* PlanExercisePickerView.swift */ = {isa = PBXFileReference; lastKnownFileType = sourcecode.swift; path = PlanExercisePickerView.swift; sourceTree = "<group>"; };
		F2F7122502C44780AC8C6713 /* PlanProgramViews.swift */ = {isa = PBXFileReference; lastKnownFileType = sourcecode.swift; path = PlanProgramViews.swift; sourceTree = "<group>"; };
		2865FC79E9954BE1A25B3411 /* PlanWorkoutEditorView.swift */ = {isa = PBXFileReference; lastKnownFileType = sourcecode.swift; path = PlanWorkoutEditorView.swift; sourceTree = "<group>"; };
		9641805392374D16AAA3209E /* PlanExerciseDetailView.swift */ = {isa = PBXFileReference; lastKnownFileType = sourcecode.swift; path = PlanExerciseDetailView.swift; sourceTree = "<group>"; };
		FF6B6FD2015947908E6EE16B /* PlanBodyMap.swift */ = {isa = PBXFileReference; lastKnownFileType = sourcecode.swift; path = PlanBodyMap.swift; sourceTree = "<group>"; };
		CA01000000000000000A0001 /* MyPlansView.swift */ = {isa = PBXFileReference; lastKnownFileType = sourcecode.swift; path = MyPlansView.swift; sourceTree = "<group>"; };
		CA01000000000000000A0002 /* ProgramLibraryView.swift */ = {isa = PBXFileReference; lastKnownFileType = sourcecode.swift; path = ProgramLibraryView.swift; sourceTree = "<group>"; };
		CA01000000000000000A0003 /* ProgramDetailView.swift */ = {isa = PBXFileReference; lastKnownFileType = sourcecode.swift; path = ProgramDetailView.swift; sourceTree = "<group>"; };
		CA01000000000000000A0004 /* ProgramEditorView.swift */ = {isa = PBXFileReference; lastKnownFileType = sourcecode.swift; path = ProgramEditorView.swift; sourceTree = "<group>"; };
		CA01000000000000000A0010 /* WeekStrip.swift */ = {isa = PBXFileReference; lastKnownFileType = sourcecode.swift; path = WeekStrip.swift; sourceTree = "<group>"; };
		CA01000000000000000A0005 /* WorkoutLibraryView.swift */ = {isa = PBXFileReference; lastKnownFileType = sourcecode.swift; path = WorkoutLibraryView.swift; sourceTree = "<group>"; };
		CA01000000000000000A0006 /* WorkoutEditorView.swift */ = {isa = PBXFileReference; lastKnownFileType = sourcecode.swift; path = WorkoutEditorView.swift; sourceTree = "<group>"; };
		CA01000000000000000A0007 /* ExerciseLibraryView.swift */ = {isa = PBXFileReference; lastKnownFileType = sourcecode.swift; path = ExerciseLibraryView.swift; sourceTree = "<group>"; };
		CA01000000000000000A0008 /* ExerciseDetailView.swift */ = {isa = PBXFileReference; lastKnownFileType = sourcecode.swift; path = ExerciseDetailView.swift; sourceTree = "<group>"; };
		CA01000000000000000A0009 /* CreateExerciseView.swift */ = {isa = PBXFileReference; lastKnownFileType = sourcecode.swift; path = CreateExerciseView.swift; sourceTree = "<group>"; };
		CA01000000000000000A0010 /* SaveEditScopeSheet.swift */ = {isa = PBXFileReference; lastKnownFileType = sourcecode.swift; path = SaveEditScopeSheet.swift; sourceTree = "<group>"; };
		CA01000000000000000A0011 /* WorkoutEditorComponents.swift */ = {isa = PBXFileReference; lastKnownFileType = sourcecode.swift; path = WorkoutEditorComponents.swift; sourceTree = "<group>"; };
		CA01000000000000000A0012 /* EditorExercisePicker.swift */ = {isa = PBXFileReference; lastKnownFileType = sourcecode.swift; path = EditorExercisePicker.swift; sourceTree = "<group>"; };
		CA01000000000000000A0013 /* SupersetPickSheet.swift */ = {isa = PBXFileReference; lastKnownFileType = sourcecode.swift; path = SupersetPickSheet.swift; sourceTree = "<group>"; };
		CA01000000000000000A0014 /* ExerciseHistoryTab.swift */ = {isa = PBXFileReference; lastKnownFileType = sourcecode.swift; path = ExerciseHistoryTab.swift; sourceTree = "<group>"; };
		AB000027000000000000006F /* ProgressTabView.swift */ = {isa = PBXFileReference; lastKnownFileType = sourcecode.swift; path = ProgressTabView.swift; sourceTree = "<group>"; };
		AB000028000000000000007C /* StatsView.swift */ = {isa = PBXFileReference; lastKnownFileType = sourcecode.swift; path = StatsView.swift; sourceTree = "<group>"; };
		AB000029000000000000007D /* ConsistencyHeatmapView.swift */ = {isa = PBXFileReference; lastKnownFileType = sourcecode.swift; path = ConsistencyHeatmapView.swift; sourceTree = "<group>"; };
		AB00002A000000000000007E /* PersonalRecordsView.swift */ = {isa = PBXFileReference; lastKnownFileType = sourcecode.swift; path = PersonalRecordsView.swift; sourceTree = "<group>"; };
		AB00002B000000000000007F /* BodyView.swift */ = {isa = PBXFileReference; lastKnownFileType = sourcecode.swift; path = BodyView.swift; sourceTree = "<group>"; };
		AB00002C000000000000008C /* MeasurementsView.swift */ = {isa = PBXFileReference; lastKnownFileType = sourcecode.swift; path = MeasurementsView.swift; sourceTree = "<group>"; };
		AB00002D000000000000008D /* LogMeasurementSheet.swift */ = {isa = PBXFileReference; lastKnownFileType = sourcecode.swift; path = LogMeasurementSheet.swift; sourceTree = "<group>"; };
		AB00002E000000000000008E /* ProgressPhotosView.swift */ = {isa = PBXFileReference; lastKnownFileType = sourcecode.swift; path = ProgressPhotosView.swift; sourceTree = "<group>"; };
		AB00002F000000000000008F /* NutritionView.swift */ = {isa = PBXFileReference; lastKnownFileType = sourcecode.swift; path = NutritionView.swift; sourceTree = "<group>"; };
		AB000030000000000000009C /* ProfileTabView.swift */ = {isa = PBXFileReference; lastKnownFileType = sourcecode.swift; path = ProfileTabView.swift; sourceTree = "<group>"; };
		AB000031000000000000009D /* WorkoutSettingsView.swift */ = {isa = PBXFileReference; lastKnownFileType = sourcecode.swift; path = WorkoutSettingsView.swift; sourceTree = "<group>"; };
		AB000032000000000000009E /* AccountDetailsView.swift */ = {isa = PBXFileReference; lastKnownFileType = sourcecode.swift; path = AccountDetailsView.swift; sourceTree = "<group>"; };
		AB000033000000000000009F /* ProfileSettingsScreens.swift */ = {isa = PBXFileReference; lastKnownFileType = sourcecode.swift; path = ProfileSettingsScreens.swift; sourceTree = "<group>"; };
		ABC1D4E5F60718293A4B5C05 /* CSVArchive.swift */ = {isa = PBXFileReference; lastKnownFileType = sourcecode.swift; path = CSVArchive.swift; sourceTree = "<group>"; };
		ABC1D4E5F60718293A4B5C06 /* CSVParser.swift */ = {isa = PBXFileReference; lastKnownFileType = sourcecode.swift; path = CSVParser.swift; sourceTree = "<group>"; };
		ABC1D4E5F60718293A4B5C07 /* DataImportService.swift */ = {isa = PBXFileReference; lastKnownFileType = sourcecode.swift; path = DataImportService.swift; sourceTree = "<group>"; };
		ACPROD00000000000000000A /* AuraFitness.app */ = {isa = PBXFileReference; explicitFileType = wrapper.application; includeInIndex = 0; path = AuraFitness.app; sourceTree = BUILT_PRODUCTS_DIR; };
/* End PBXFileReference section */

/* Begin PBXFrameworksBuildPhase section */
		ACBUILD0000000000000000A /* Frameworks */ = {
			isa = PBXFrameworksBuildPhase;
			buildActionMask = 2147483647;
			files = (
				CDFC6024797645AEA88AE07C /* Supabase in Frameworks */,
			);
			runOnlyForDeploymentPostprocessing = 0;
		};
/* End PBXFrameworksBuildPhase section */

/* Begin PBXGroup section */
		ACROOT00000000000000000A /* AuraFitness */ = {
			isa = PBXGroup;
			children = (
				ACGRP010000000000000000A /* AuraFitness */,
				ACPROD00000000000000000A /* Products */,
			);
			sourceTree = "<group>";
		};
		ACPROD00000000000000010A /* Products */ = {
			isa = PBXGroup;
			children = (
				ACPROD00000000000000000A /* AuraFitness.app */,
			);
			name = Products;
			sourceTree = "<group>";
		};
		ACGRP010000000000000000A /* AuraFitness */ = {
			isa = PBXGroup;
			children = (
				AB000001000000000000001B /* AuraFitnessApp.swift */,
				AB000002000000000000002B /* ContentView.swift */,
				ABA55E70000000000000001B /* Assets.xcassets */,
				BF07BF8539F741408786E738 /* Secrets.xcconfig.template */,
				ACGRP020000000000000000A /* DesignSystem */,
				ACGRP030000000000000000A /* Models */,
				ACGRP040000000000000000A /* Log */,
				ACGRP050000000000000000A /* ActiveWorkout */,
				ACGRP060000000000000000A /* Plan */,
				ACGRP070000000000000000A /* Progress */,
				ACGRP080000000000000000A /* Profile */,
				ACGRP090000000000000000A /* Auth */,
				ACGRP0A0000000000000000A /* Sync */,
				ACGRPF070000000000000F01 /* Fonts */,
			);
			path = AuraFitness;
			sourceTree = "<group>";
		};
		ACGRPF070000000000000F01 /* Fonts */ = {
			isa = PBXGroup;
			children = (
				ABF0700100000000000000F1 /* PlusJakartaSans-Regular.ttf */,
				ABF0700200000000000000F1 /* PlusJakartaSans-Medium.ttf */,
				ABF0700300000000000000F1 /* PlusJakartaSans-SemiBold.ttf */,
				ABF0700400000000000000F1 /* PlusJakartaSans-Bold.ttf */,
				ABF0700500000000000000F1 /* PlusJakartaSans-ExtraBold.ttf */,
			);
			path = Fonts;
			sourceTree = "<group>";
		};
		ACGRP020000000000000000A /* DesignSystem */ = {
			isa = PBXGroup;
			children = (
				AB000003000000000000003B /* AuraColors.swift */,
				AB000004000000000000004B /* AuraTypography.swift */,
				AB000005000000000000005B /* AuraSpacing.swift */,
				AB000006000000000000006B /* AuraComponents.swift */,
				ABEE0001000000000000001B /* AuraTabBar.swift */,
				ABEE0002000000000000002B /* AuraScreenScroll.swift */,
				ABEE0003000000000000003B /* ResumeBanner.swift */,
			);
			path = DesignSystem;
			sourceTree = "<group>";
		};
		ACGRP030000000000000000A /* Models */ = {
			isa = PBXGroup;
			children = (
				AB000007000000000000007B /* AppState.swift */,
				AB000008000000000000008B /* WorkoutModels.swift */,
				AB000009000000000000009B /* SeedData.swift */,
				AB00000A0000000000000010 /* ProgressModels.swift */,
				ABF182697FEFC84D54BF50A0 /* LogDayModel.swift */,
				ABC1D4E5F60718293A4B5C01 /* ProgramDatabase.swift */,
				ABC1D4E5F60718293A4B5C02 /* ExerciseDatabase.swift */,
				ABC1D4E5F60718293A4B5C03 /* UnitFormatter.swift */,
			);
			path = Models;
			sourceTree = "<group>";
		};
		ACGRP040000000000000000A /* Log */ = {
			isa = PBXGroup;
			children = (
				AB00000B0000000000000011 /* LogTabView.swift */,
				ABEE0004000000000000004B /* LogSheetsView.swift */,
			);
			path = Log;
			sourceTree = "<group>";
		};
		ACGRP050000000000000000A /* ActiveWorkout */ = {
			isa = PBXGroup;
			children = (
				AB000014000000000000002C /* ActiveWorkoutView.swift */,
				AB000015000000000000002D /* WorkoutOverviewView.swift */,
				AB000016000000000000002E /* ExerciseLoggingView.swift */,
				AB000017000000000000002F /* SupersetView.swift */,
				AB000018000000000000003C /* WorkoutSummaryView.swift */,
				AB000019000000000000003D /* RestPillView.swift */,
				AB00001A000000000000003E /* CelebrationOverlay.swift */,
				AB00001B000000000000003F /* SetRowView.swift */,
				AB00001C000000000000004C /* WorkoutSessionState.swift */,
				ABEE0005000000000000005B /* ActiveWorkoutData.swift */,
				ABEE0006000000000000006B /* EmptyOverviewView.swift */,
				ABEE0007000000000000007B /* WorkoutModalsView.swift */,
				ABEE00A0000000000000A001 /* ActiveWorkoutSeed.swift */,
				ABEE00A1000000000000A002 /* WorkoutPersistence.swift */,
				AB65380299159B488098A530 /* NotificationScheduler.swift */,
			);
			path = ActiveWorkout;
			sourceTree = "<group>";
		};
		ACGRP060000000000000000A /* Plan */ = {
			isa = PBXGroup;
			children = (
				AB00001D000000000000004D /* PlanTabView.swift */,
				DA874FECA3454BDE996478E8 /* PlanModels.swift */,
				7A5A3265AEA24FD599D3EBA0 /* PlanExerciseDetailData.swift */,
				ECF711C33D7641439F2CD2BD /* PlanComponents.swift */,
				1201BDAFC4C04FE1967A9969 /* PlanSubtabViews.swift */,
				79968BBFFAB24C84B5AEA56F /* PlanSheets.swift */,
				61AE6FC2AC904F8D963632AC /* PlanExercisePickerView.swift */,
				F2F7122502C44780AC8C6713 /* PlanProgramViews.swift */,
				2865FC79E9954BE1A25B3411 /* PlanWorkoutEditorView.swift */,
				9641805392374D16AAA3209E /* PlanExerciseDetailView.swift */,
				FF6B6FD2015947908E6EE16B /* PlanBodyMap.swift */,
				CA01000000000000000A0001 /* MyPlansView.swift */,
				CA01000000000000000A0002 /* ProgramLibraryView.swift */,
				CA01000000000000000A0003 /* ProgramDetailView.swift */,
				CA01000000000000000A0004 /* ProgramEditorView.swift */,
				CA01000000000000000A0010 /* WeekStrip.swift */,
				CA01000000000000000A0005 /* WorkoutLibraryView.swift */,
				CA01000000000000000A0006 /* WorkoutEditorView.swift */,
				CA01000000000000000A0007 /* ExerciseLibraryView.swift */,
				CA01000000000000000A0008 /* ExerciseDetailView.swift */,
				CA01000000000000000A0009 /* CreateExerciseView.swift */,
				CA01000000000000000A0010 /* SaveEditScopeSheet.swift */,
				CA01000000000000000A0011 /* WorkoutEditorComponents.swift */,
				CA01000000000000000A0012 /* EditorExercisePicker.swift */,
				CA01000000000000000A0013 /* SupersetPickSheet.swift */,
				CA01000000000000000A0014 /* ExerciseHistoryTab.swift */,
			);
			path = Plan;
			sourceTree = "<group>";
		};
		ACGRP070000000000000000A /* Progress */ = {
			isa = PBXGroup;
			children = (
				AB000027000000000000006F /* ProgressTabView.swift */,
				AB000028000000000000007C /* StatsView.swift */,
				AB000029000000000000007D /* ConsistencyHeatmapView.swift */,
				AB00002A000000000000007E /* PersonalRecordsView.swift */,
				AB00002B000000000000007F /* BodyView.swift */,
				AB00002C000000000000008C /* MeasurementsView.swift */,
				AB00002D000000000000008D /* LogMeasurementSheet.swift */,
				AB00002E000000000000008E /* ProgressPhotosView.swift */,
				AB00002F000000000000008F /* NutritionView.swift */,
				ABC1D4E5F60718293A4B5C04 /* WeeklyVolumeView.swift */,
			);
			path = Progress;
			sourceTree = "<group>";
		};
		ACGRP080000000000000000A /* Profile */ = {
			isa = PBXGroup;
			children = (
				AB000030000000000000009C /* ProfileTabView.swift */,
				AB000031000000000000009D /* WorkoutSettingsView.swift */,
				AB000032000000000000009E /* AccountDetailsView.swift */,
				AB000033000000000000009F /* ProfileSettingsScreens.swift */,
				3D8FE47712C54B54A93D5F78 /* DataArchive.swift */,
				5AEA826CEB9E4915BB1984C0 /* DataResetService.swift */,
				AB16797C38CBD24BBD9E0E01 /* HealthKitService.swift */,
				ABC1D4E5F60718293A4B5C05 /* CSVArchive.swift */,
				ABC1D4E5F60718293A4B5C06 /* CSVParser.swift */,
				ABC1D4E5F60718293A4B5C07 /* DataImportService.swift */,
				ABD7B37CF9C0AE4B69B23611 /* AuraFitness.entitlements */,
			);
			path = Profile;
			sourceTree = "<group>";
		};
		ACGRP090000000000000000A /* Auth */ = {
			isa = PBXGroup;
			children = (
				F78DA246F23D4CD0AD741E1E /* AuthConfig.swift */,
				EB96C74100F945C2A73DD75E /* AuthService.swift */,
				767A044673D746789E72D381 /* AuthGateView.swift */,
			);
			path = Auth;
			sourceTree = "<group>";
		};
		ACGRP0A0000000000000000A /* Sync */ = {
			isa = PBXGroup;
			children = (
				1769544EF2E3416F82E81B02 /* SupabaseSyncService.swift */,
				803A4A0AEB6F4A24B9B0F3EF /* Syncable.swift */,
			);
			path = Sync;
			sourceTree = "<group>";
		};
/* End PBXGroup section */

/* Begin PBXNativeTarget section */
		ACTGT00000000000000000A /* AuraFitness */ = {
			isa = PBXNativeTarget;
			buildConfigurationList = ACBCL0000000000000000A /* Build configuration list for PBXNativeTarget "AuraFitness" */;
			buildPhases = (
				ACSRC00000000000000000A /* Sources */,
				ACBUILD0000000000000000A /* Frameworks */,
				ACRES00000000000000000A /* Resources */,
			);
			buildRules = (
			);
			dependencies = (
			);
			name = AuraFitness;
			packageProductDependencies = (
				864C1DE126BD4F349BBC6DA2 /* Supabase */,
			);
			productName = AuraFitness;
			productReference = ACPROD00000000000000000A /* AuraFitness.app */;
			productType = "com.apple.product-type.application";
		};
/* End PBXNativeTarget section */

/* Begin PBXProject section */
		ACPROJ00000000000000000A /* Project object */ = {
			isa = PBXProject;
			attributes = {
				BuildIndependentTargetsInParallel = 1;
				LastSwiftUpdateCheck = 1500;
				LastUpgradeCheck = 1500;
				TargetAttributes = {
					ACTGT00000000000000000A = {
						CreatedOnToolsVersion = 15.0;
					};
				};
			};
			buildConfigurationList = ACBCL0000000000000000B /* Build configuration list for PBXProject "AuraFitness" */;
			compatibilityVersion = "Xcode 14.0";
			developmentRegion = en;
			hasScannedForEncodings = 0;
			knownRegions = (
				en,
				Base,
			);
			mainGroup = ACROOT00000000000000000A;
			packageReferences = (
				00115CA3DCF7477A9C049CE5 /* XCRemoteSwiftPackageReference "supabase-swift" */,
			);
			productRefGroup = ACPROD00000000000000010A /* Products */;
			projectDirPath = "";
			projectRoot = "";
			targets = (
				ACTGT00000000000000000A /* AuraFitness */,
			);
		};
/* End PBXProject section */

/* Begin XCRemoteSwiftPackageReference section */
		00115CA3DCF7477A9C049CE5 /* XCRemoteSwiftPackageReference "supabase-swift" */ = {
			isa = XCRemoteSwiftPackageReference;
			repositoryURL = "https://github.com/supabase/supabase-swift";
			requirement = {
				kind = upToNextMajorVersion;
				minimumVersion = 2.21.0;
			};
		};
/* End XCRemoteSwiftPackageReference section */

/* Begin XCSwiftPackageProductDependency section */
		864C1DE126BD4F349BBC6DA2 /* Supabase */ = {
			isa = XCSwiftPackageProductDependency;
			package = 00115CA3DCF7477A9C049CE5 /* XCRemoteSwiftPackageReference "supabase-swift" */;
			productName = Supabase;
		};
/* End XCSwiftPackageProductDependency section */

/* Begin PBXResourcesBuildPhase section */
		ACRES00000000000000000A /* Resources */ = {
			isa = PBXResourcesBuildPhase;
			buildActionMask = 2147483647;
			files = (
				AAA55E70000000000000001B /* Assets.xcassets in Resources */,
				AAF0700100000000000000F1 /* PlusJakartaSans-Regular.ttf in Resources */,
				AAF0700200000000000000F1 /* PlusJakartaSans-Medium.ttf in Resources */,
				AAF0700300000000000000F1 /* PlusJakartaSans-SemiBold.ttf in Resources */,
				AAF0700400000000000000F1 /* PlusJakartaSans-Bold.ttf in Resources */,
				AAF0700500000000000000F1 /* PlusJakartaSans-ExtraBold.ttf in Resources */,
			);
			runOnlyForDeploymentPostprocessing = 0;
		};
/* End PBXResourcesBuildPhase section */

/* Begin PBXSourcesBuildPhase section */
		ACSRC00000000000000000A /* Sources */ = {
			isa = PBXSourcesBuildPhase;
			buildActionMask = 2147483647;
			files = (
				AA000001000000000000001B /* AuraFitnessApp.swift in Sources */,
				AA000002000000000000002B /* ContentView.swift in Sources */,
				AA000003000000000000003B /* AuraColors.swift in Sources */,
				AA000004000000000000004B /* AuraTypography.swift in Sources */,
				AA000005000000000000005B /* AuraSpacing.swift in Sources */,
				AA000006000000000000006B /* AuraComponents.swift in Sources */,
				AAEE0001000000000000001B /* AuraTabBar.swift in Sources */,
				AAEE0002000000000000002B /* AuraScreenScroll.swift in Sources */,
				AAEE0003000000000000003B /* ResumeBanner.swift in Sources */,
				AA000007000000000000007B /* AppState.swift in Sources */,
				AA000008000000000000008B /* WorkoutModels.swift in Sources */,
				AA000009000000000000009B /* SeedData.swift in Sources */,
				AA00000A0000000000000010 /* ProgressModels.swift in Sources */,
				AAF182697FEFC84D54BF50A0 /* LogDayModel.swift in Sources */,
				AAC1D4E5F60718293A4B5C01 /* ProgramDatabase.swift in Sources */,
				AAC1D4E5F60718293A4B5C02 /* ExerciseDatabase.swift in Sources */,
				AAC1D4E5F60718293A4B5C03 /* UnitFormatter.swift in Sources */,
				AAC1D4E5F60718293A4B5C04 /* WeeklyVolumeView.swift in Sources */,
				AA00000B0000000000000011 /* LogTabView.swift in Sources */,
				AAEE0004000000000000004B /* LogSheetsView.swift in Sources */,
				AA000014000000000000002C /* ActiveWorkoutView.swift in Sources */,
				AAEE0005000000000000005B /* ActiveWorkoutData.swift in Sources */,
				AAEE0006000000000000006B /* EmptyOverviewView.swift in Sources */,
				AAEE0007000000000000007B /* WorkoutModalsView.swift in Sources */,
				AA000015000000000000002D /* WorkoutOverviewView.swift in Sources */,
				AA000016000000000000002E /* ExerciseLoggingView.swift in Sources */,
				AA000017000000000000002F /* SupersetView.swift in Sources */,
				AA000018000000000000003C /* WorkoutSummaryView.swift in Sources */,
				AA000019000000000000003D /* RestPillView.swift in Sources */,
				AA00001A000000000000003E /* CelebrationOverlay.swift in Sources */,
				AAEE00A0000000000000A001 /* ActiveWorkoutSeed.swift in Sources */,
				AAEE00A1000000000000A002 /* WorkoutPersistence.swift in Sources */,
				AA00001B000000000000003F /* SetRowView.swift in Sources */,
				AA00001C000000000000004C /* WorkoutSessionState.swift in Sources */,
				AA65380299159B488098A530 /* NotificationScheduler.swift in Sources */,
				AA00001D000000000000004D /* PlanTabView.swift in Sources */,
				8E4213DC4F2D4AA38BD07E93 /* PlanModels.swift in Sources */,
				00F9A57BA3BE4F249AFAC7CC /* PlanExerciseDetailData.swift in Sources */,
				4A36DFD0F37D4722823C3938 /* PlanComponents.swift in Sources */,
				3C1FD94A48ED4BB9AE32068B /* PlanSubtabViews.swift in Sources */,
				66ABE8B35A6D4E2F8A38ABDE /* PlanSheets.swift in Sources */,
				07EDD830DA2343E3AB2FA011 /* PlanExercisePickerView.swift in Sources */,
				13AE805DFC634FA48D3591AF /* PlanProgramViews.swift in Sources */,
				E5D31AB2AD9D49C3A6CA5C6C /* PlanWorkoutEditorView.swift in Sources */,
				FF9914404E7E49F68C857B0D /* PlanExerciseDetailView.swift in Sources */,
				D1E6081F805C44EA80D37561 /* PlanBodyMap.swift in Sources */,
				CB01000000000000000A0001 /* MyPlansView.swift in Sources */,
				CB01000000000000000A0002 /* ProgramLibraryView.swift in Sources */,
				CB01000000000000000A0003 /* ProgramDetailView.swift in Sources */,
				CB01000000000000000A0004 /* ProgramEditorView.swift in Sources */,
				CB01000000000000000A0010 /* WeekStrip.swift in Sources */,
				CB01000000000000000A0005 /* WorkoutLibraryView.swift in Sources */,
				CB01000000000000000A0006 /* WorkoutEditorView.swift in Sources */,
				CB01000000000000000A0007 /* ExerciseLibraryView.swift in Sources */,
				CB01000000000000000A0008 /* ExerciseDetailView.swift in Sources */,
				CB01000000000000000A0009 /* CreateExerciseView.swift in Sources */,
				CB01000000000000000A0010 /* SaveEditScopeSheet.swift in Sources */,
				CB01000000000000000A0011 /* WorkoutEditorComponents.swift in Sources */,
				CB01000000000000000A0012 /* EditorExercisePicker.swift in Sources */,
				CB01000000000000000A0013 /* SupersetPickSheet.swift in Sources */,
				CB01000000000000000A0014 /* ExerciseHistoryTab.swift in Sources */,
				AA000027000000000000006F /* ProgressTabView.swift in Sources */,
				AA000028000000000000007C /* StatsView.swift in Sources */,
				AA000029000000000000007D /* ConsistencyHeatmapView.swift in Sources */,
				AA00002A000000000000007E /* PersonalRecordsView.swift in Sources */,
				AA00002B000000000000007F /* BodyView.swift in Sources */,
				AA00002C000000000000008C /* MeasurementsView.swift in Sources */,
				AA00002D000000000000008D /* LogMeasurementSheet.swift in Sources */,
				AA00002E000000000000008E /* ProgressPhotosView.swift in Sources */,
				AA00002F000000000000008F /* NutritionView.swift in Sources */,
				AA000030000000000000009C /* ProfileTabView.swift in Sources */,
				AA000031000000000000009D /* WorkoutSettingsView.swift in Sources */,
				AA000032000000000000009E /* AccountDetailsView.swift in Sources */,
				AA000033000000000000009F /* ProfileSettingsScreens.swift in Sources */,
				D8A00B123B1A43B8971B64F8 /* AuthConfig.swift in Sources */,
				EEE687EEC65948289B3FE94A /* AuthService.swift in Sources */,
				F4B7795274B943A5B9B62526 /* AuthGateView.swift in Sources */,
				1C44CF6B34AC4873A99272F1 /* SupabaseSyncService.swift in Sources */,
				4656E2A977A641238D1AB9C0 /* Syncable.swift in Sources */,
				8D33A0F1C2094AB78B2B8659 /* DataArchive.swift in Sources */,
				3C776F2B48C74E23A00FABDA /* DataResetService.swift in Sources */,
				AA59FEAF6AB35E46E6A39847 /* HealthKitService.swift in Sources */,
				AAC1D4E5F60718293A4B5C05 /* CSVArchive.swift in Sources */,
				AAC1D4E5F60718293A4B5C06 /* CSVParser.swift in Sources */,
				AAC1D4E5F60718293A4B5C07 /* DataImportService.swift in Sources */,
			);
			runOnlyForDeploymentPostprocessing = 0;
		};
/* End PBXSourcesBuildPhase section */

/* Begin XCBuildConfiguration section */
		6602D9D1DE3440528E95F50C /* Debug */ = {
			isa = XCBuildConfiguration;
			buildSettings = {
				ALWAYS_SEARCH_USER_PATHS = NO;
				ASSETCATALOG_COMPILER_GENERATE_SWIFT_ASSET_SYMBOL_EXTENSIONS = YES;
				CLANG_ANALYZER_NONNULL = YES;
				CLANG_ANALYZER_NUMBER_OBJECT_CONVERSION = YES_AGGRESSIVE;
				CLANG_CXX_LANGUAGE_STANDARD = "gnu++20";
				CLANG_ENABLE_MODULES = YES;
				CLANG_ENABLE_OBJC_ARC = YES;
				CLANG_ENABLE_OBJC_WEAK = YES;
				CLANG_WARN_BLOCK_CAPTURE_AUTORELEASING = YES;
				CLANG_WARN_BOOL_CONVERSION = YES;
				CLANG_WARN_COMMA = YES;
				CLANG_WARN_CONSTANT_CONVERSION = YES;
				CLANG_WARN_DEPRECATED_OBJC_IMPLEMENTATIONS = YES;
				CLANG_WARN_DIRECT_OBJC_ISA_USAGE = YES_ERROR;
				CLANG_WARN_DOCUMENTATION_COMMENTS = YES;
				CLANG_WARN_EMPTY_BODY = YES;
				CLANG_WARN_ENUM_CONVERSION = YES;
				CLANG_WARN_INFINITE_RECURSION = YES;
				CLANG_WARN_INT_CONVERSION = YES;
				CLANG_WARN_NON_LITERAL_NULL_CONVERSION = YES;
				CLANG_WARN_OBJC_IMPLICIT_RETAIN_CYCLE = YES;
				CLANG_WARN_OBJC_LITERAL_CONVERSION = YES;
				CLANG_WARN_OBJC_ROOT_CLASS = YES_ERROR;
				CLANG_WARN_QUOTED_INCLUDE_IN_FRAMEWORK_HEADER = YES;
				CLANG_WARN_RANGE_LOOP_ANALYSIS = YES;
				CLANG_WARN_STRICT_PROTOTYPES = YES;
				CLANG_WARN_SUSPICIOUS_MOVE = YES;
				CLANG_WARN_UNGUARDED_AVAILABILITY = YES_AGGRESSIVE;
				CLANG_WARN_UNREACHABLE_CODE = YES;
				CLANG_WARN__DUPLICATE_METHOD_MATCH = YES;
				COPY_PHASE_STRIP = NO;
				DEBUG_INFORMATION_FORMAT = dwarf;
				ENABLE_STRICT_OBJC_MSGSEND = YES;
				ENABLE_TESTABILITY = YES;
				ENABLE_USER_SCRIPT_SANDBOXING = YES;
				GCC_C_LANGUAGE_STANDARD = gnu17;
				GCC_DYNAMIC_NO_PIC = NO;
				GCC_NO_COMMON_BLOCKS = YES;
				GCC_OPTIMIZATION_LEVEL = 0;
				GCC_PREPROCESSOR_DEFINITIONS = (
					"DEBUG=1",
					"$(inherited)",
				);
				GCC_WARN_64_TO_32_BIT_CONVERSION = YES;
				GCC_WARN_ABOUT_RETURN_TYPE = YES_ERROR;
				GCC_WARN_UNDECLARED_SELECTOR = YES;
				GCC_WARN_UNINITIALIZED_AUTOS = YES_AGGRESSIVE;
				GCC_WARN_UNUSED_FUNCTION = YES;
				GCC_WARN_UNUSED_VARIABLE = YES;
				IPHONEOS_DEPLOYMENT_TARGET = 17.0;
				MTL_ENABLE_DEBUG_INFO = INCLUDE_SOURCE;
				MTL_FAST_MATH = YES;
				ONLY_ACTIVE_ARCH = YES;
				SDKROOT = iphoneos;
				SWIFT_ACTIVE_COMPILATION_CONDITIONS = "DEBUG $(inherited)";
				SWIFT_OPTIMIZATION_LEVEL = "-Onone";
			};
			name = Debug;
		};
		41D812BCDEC5436BB2D30973 /* Release */ = {
			isa = XCBuildConfiguration;
			buildSettings = {
				ALWAYS_SEARCH_USER_PATHS = NO;
				ASSETCATALOG_COMPILER_GENERATE_SWIFT_ASSET_SYMBOL_EXTENSIONS = YES;
				CLANG_ANALYZER_NONNULL = YES;
				CLANG_ANALYZER_NUMBER_OBJECT_CONVERSION = YES_AGGRESSIVE;
				CLANG_CXX_LANGUAGE_STANDARD = "gnu++20";
				CLANG_ENABLE_MODULES = YES;
				CLANG_ENABLE_OBJC_ARC = YES;
				CLANG_ENABLE_OBJC_WEAK = YES;
				CLANG_WARN_BLOCK_CAPTURE_AUTORELEASING = YES;
				CLANG_WARN_BOOL_CONVERSION = YES;
				CLANG_WARN_COMMA = YES;
				CLANG_WARN_CONSTANT_CONVERSION = YES;
				CLANG_WARN_DEPRECATED_OBJC_IMPLEMENTATIONS = YES;
				CLANG_WARN_DIRECT_OBJC_ISA_USAGE = YES_ERROR;
				CLANG_WARN_DOCUMENTATION_COMMENTS = YES;
				CLANG_WARN_EMPTY_BODY = YES;
				CLANG_WARN_ENUM_CONVERSION = YES;
				CLANG_WARN_INFINITE_RECURSION = YES;
				CLANG_WARN_INT_CONVERSION = YES;
				CLANG_WARN_NON_LITERAL_NULL_CONVERSION = YES;
				CLANG_WARN_OBJC_IMPLICIT_RETAIN_CYCLE = YES;
				CLANG_WARN_OBJC_LITERAL_CONVERSION = YES;
				CLANG_WARN_OBJC_ROOT_CLASS = YES_ERROR;
				CLANG_WARN_QUOTED_INCLUDE_IN_FRAMEWORK_HEADER = YES;
				CLANG_WARN_RANGE_LOOP_ANALYSIS = YES;
				CLANG_WARN_STRICT_PROTOTYPES = YES;
				CLANG_WARN_SUSPICIOUS_MOVE = YES;
				CLANG_WARN_UNGUARDED_AVAILABILITY = YES_AGGRESSIVE;
				CLANG_WARN_UNREACHABLE_CODE = YES;
				CLANG_WARN__DUPLICATE_METHOD_MATCH = YES;
				COPY_PHASE_STRIP = NO;
				DEBUG_INFORMATION_FORMAT = "dwarf-with-dsym";
				ENABLE_NS_ASSERTIONS = NO;
				ENABLE_STRICT_OBJC_MSGSEND = YES;
				ENABLE_USER_SCRIPT_SANDBOXING = YES;
				GCC_C_LANGUAGE_STANDARD = gnu17;
				GCC_NO_COMMON_BLOCKS = YES;
				GCC_WARN_64_TO_32_BIT_CONVERSION = YES;
				GCC_WARN_ABOUT_RETURN_TYPE = YES_ERROR;
				GCC_WARN_UNDECLARED_SELECTOR = YES;
				GCC_WARN_UNINITIALIZED_AUTOS = YES_AGGRESSIVE;
				GCC_WARN_UNUSED_FUNCTION = YES;
				GCC_WARN_UNUSED_VARIABLE = YES;
				IPHONEOS_DEPLOYMENT_TARGET = 17.0;
				MTL_FAST_MATH = YES;
				SDKROOT = iphoneos;
				SWIFT_COMPILATION_MODE = wholemodule;
				SWIFT_OPTIMIZATION_LEVEL = "-O";
				VALIDATE_PRODUCT = YES;
			};
			name = Release;
		};
		E3CB1C7DADFF46299AFE7755 /* Debug */ = {
			isa = XCBuildConfiguration;
			buildSettings = {
				ASSETCATALOG_COMPILER_APPICON_NAME = AppIcon;
				ASSETCATALOG_COMPILER_GLOBAL_ACCENT_COLOR_NAME = AccentColor;
				CODE_SIGN_STYLE = Automatic;
				CODE_SIGN_ENTITLEMENTS = AuraFitness/AuraFitness.entitlements;
				CURRENT_PROJECT_VERSION = 1;
				DEVELOPMENT_ASSET_PATHS = "";
				ENABLE_PREVIEWS = YES;
				GENERATE_INFOPLIST_FILE = YES;
				INFOPLIST_KEY_SUPABASE_ANON_KEY = "$(SUPABASE_ANON_KEY)";
				INFOPLIST_KEY_SUPABASE_URL = "$(SUPABASE_URL)";
				INFOPLIST_KEY_NSHealthShareUsageDescription = "Aura reads your body weight from Health to keep your measurements up to date.";
				INFOPLIST_KEY_NSHealthUpdateUsageDescription = "Aura writes your logged workouts and body weight to Health.";
				INFOPLIST_KEY_UIApplicationSceneManifest_Generation = YES;
				INFOPLIST_KEY_UIApplicationSupportsIndirectInputEvents = YES;
				INFOPLIST_KEY_UILaunchScreen_Generation = YES;
				INFOPLIST_KEY_UISupportedInterfaceOrientations_iPhone = UIInterfaceOrientationPortrait;
				INFOPLIST_KEY_UIAppFonts = "PlusJakartaSans-Regular.ttf PlusJakartaSans-Medium.ttf PlusJakartaSans-SemiBold.ttf PlusJakartaSans-Bold.ttf PlusJakartaSans-ExtraBold.ttf";
				LD_RUNPATH_SEARCH_PATHS = (
					"$(inherited)",
					"@executable_path/Frameworks",
				);
				MARKETING_VERSION = 1.0;
				PRODUCT_BUNDLE_IDENTIFIER = com.aurafitness.app;
				PRODUCT_NAME = "$(TARGET_NAME)";
				SWIFT_EMIT_LOC_STRINGS = YES;
				SWIFT_VERSION = 5.0;
				TARGETED_DEVICE_FAMILY = 1;
			};
			name = Debug;
		};
		1E647E650E524128A72A8BF3 /* Release */ = {
			isa = XCBuildConfiguration;
			buildSettings = {
				ASSETCATALOG_COMPILER_APPICON_NAME = AppIcon;
				ASSETCATALOG_COMPILER_GLOBAL_ACCENT_COLOR_NAME = AccentColor;
				CODE_SIGN_STYLE = Automatic;
				CODE_SIGN_ENTITLEMENTS = AuraFitness/AuraFitness.entitlements;
				CURRENT_PROJECT_VERSION = 1;
				DEVELOPMENT_ASSET_PATHS = "";
				ENABLE_PREVIEWS = YES;
				GENERATE_INFOPLIST_FILE = YES;
				INFOPLIST_KEY_SUPABASE_ANON_KEY = "$(SUPABASE_ANON_KEY)";
				INFOPLIST_KEY_SUPABASE_URL = "$(SUPABASE_URL)";
				INFOPLIST_KEY_NSHealthShareUsageDescription = "Aura reads your body weight from Health to keep your measurements up to date.";
				INFOPLIST_KEY_NSHealthUpdateUsageDescription = "Aura writes your logged workouts and body weight to Health.";
				INFOPLIST_KEY_UIApplicationSceneManifest_Generation = YES;
				INFOPLIST_KEY_UIApplicationSupportsIndirectInputEvents = YES;
				INFOPLIST_KEY_UILaunchScreen_Generation = YES;
				INFOPLIST_KEY_UISupportedInterfaceOrientations_iPhone = UIInterfaceOrientationPortrait;
				INFOPLIST_KEY_UIAppFonts = "PlusJakartaSans-Regular.ttf PlusJakartaSans-Medium.ttf PlusJakartaSans-SemiBold.ttf PlusJakartaSans-Bold.ttf PlusJakartaSans-ExtraBold.ttf";
				LD_RUNPATH_SEARCH_PATHS = (
					"$(inherited)",
					"@executable_path/Frameworks",
				);
				MARKETING_VERSION = 1.0;
				PRODUCT_BUNDLE_IDENTIFIER = com.aurafitness.app;
				PRODUCT_NAME = "$(TARGET_NAME)";
				SWIFT_EMIT_LOC_STRINGS = YES;
				SWIFT_VERSION = 5.0;
				TARGETED_DEVICE_FAMILY = 1;
			};
			name = Release;
		};
/* End XCBuildConfiguration section */

/* Begin XCConfigurationList section */
		ACBCL0000000000000000B /* Build configuration list for PBXProject "AuraFitness" */ = {
			isa = XCConfigurationList;
			buildConfigurations = (
				6602D9D1DE3440528E95F50C /* Debug */,
				41D812BCDEC5436BB2D30973 /* Release */,
			);
			defaultConfigurationIsVisible = 0;
			defaultConfigurationName = Release;
		};
		ACBCL0000000000000000A /* Build configuration list for PBXNativeTarget "AuraFitness" */ = {
			isa = XCConfigurationList;
			buildConfigurations = (
				E3CB1C7DADFF46299AFE7755 /* Debug */,
				1E647E650E524128A72A8BF3 /* Release */,
			);
			defaultConfigurationIsVisible = 0;
			defaultConfigurationName = Release;
		};
/* End XCConfigurationList section */
	};
	rootObject = ACPROJ00000000000000000A /* Project object */;
}
